
Microsoft Visual Studio Solution File, Format Version 12.00
# Visual Studio Version 16
VisualStudioVersion = 16.0.30907.101
MinimumVisualStudioVersion = 10.0.40219.1
Project("{FAE04EC0-301F-11D3-BF4B-00C04F79EFBC}") = "GameProject", "GameProject\GameProject.csproj", "{146E9322-5A32-4BA6-9FB2-B04FE3AD36A2}"
EndProject
Global
	GlobalSection(SolutionConfigurationPlatforms) = preSolution
		Debug|Any CPU = Debug|Any CPU
		Release|Any CPU = Release|Any CPU
	EndGlobalSection
	GlobalSection(ProjectConfigurationPlatforms) = postSolution
		{146E9322-5A32-4BA6-9FB2-B04FE3AD36A2}.Debug|Any CPU.ActiveCfg = Debug|Any CPU
		{146E9322-5A32-4BA6-9FB2-B04FE3AD36A2}.Debug|Any CPU.Build.0 = Debug|Any CPU
		{146E9322-5A32-4BA6-9FB2-B04FE3AD36A2}.Release|Any CPU.ActiveCfg = Release|Any CPU
		{146E9322-5A32-4BA6-9FB2-B04FE3AD36A2}.Release|Any CPU.Build.0 = Release|Any CPU
	EndGlobalSection
	GlobalSection(SolutionProperties) = preSolution
		HideSolutionNode = FALSE
	EndGlobalSection
	GlobalSection(ExtensibilityGlobals) = postSolution
		SolutionGuid = {23CEF4E9-554F-4F14-99FA-4F2A55F6DECB}
	EndGlobalSection
EndGlobal
